
Microsoft Visual Studio Solution File, Format Version 12.00
# Visual Studio Version 17
VisualStudioVersion = 17.2.32526.322
MinimumVisualStudioVersion = 10.0.40219.1
Project("{FAE04EC0-301F-11D3-BF4B-00C04F79EFBC}") = "iPanel", "iPanel\iPanel.csproj", "{F47C93EF-F309-4A45-9603-7C8DF6573FE5}"
EndProject
Project("{FAE04EC0-301F-11D3-BF4B-00C04F79EFBC}") = "iPanel.Tests", "iPanel.Tests\iPanel.Tests.csproj", "{CA09EE4B-C745-4CD3-B20C-346A5F1C7081}"
EndProject
Global
EndGlobal
